// !$*UTF8*$!
{
	archiveVersion = 1;
	classes = {
	};
	objectVersion = 46;
	objects = {

/* Begin PBXBuildFile section */
		9CE52F231E64139D0094378F /* AppDelegate.swift in Sources */ = {isa = PBXBuildFile; fileRef = 9CE52F221E64139D0094378F /* AppDelegate.swift */; };
		9CE52F251E64139D0094378F /* ViewController.swift in Sources */ = {isa = PBXBuildFile; fileRef = 9CE52F241E64139D0094378F /* ViewController.swift */; };
		9CE52F281E64139D0094378F /* Main.storyboard in Resources */ = {isa = PBXBuildFile; fileRef = 9CE52F261E64139D0094378F /* Main.storyboard */; };
		9CE52F2A1E64139D0094378F /* Assets.xcassets in Resources */ = {isa = PBXBuildFile; fileRef = 9CE52F291E64139D0094378F /* Assets.xcassets */; };
		9CE52F2D1E64139D0094378F /* LaunchScreen.storyboard in Resources */ = {isa = PBXBuildFile; fileRef = 9CE52F2B1E64139D0094378F /* LaunchScreen.storyboard */; };
		9CE52F351E6413BA0094378F /* MarqueeView.swift in Sources */ = {isa = PBXBuildFile; fileRef = 9CE52F341E6413BA0094378F /* MarqueeView.swift */; };
/* End PBXBuildFile section */

/* Begin PBXFileReference section */
		9CE52F1F1E64139D0094378F /* MarqueeLabel.app */ = {isa = PBXFileReference; explicitFileType = wrapper.application; includeInIndex = 0; path = MarqueeLabel.app; sourceTree = BUILT_PRODUCTS_DIR; };
		9CE52F221E64139D0094378F /* AppDelegate.swift */ = {isa = PBXFileReference; lastKnownFileType = sourcecode.swift; path = AppDelegate.swift; sourceTree = "<group>"; };
		9CE52F241E64139D0094378F /* ViewController.swift */ = {isa = PBXFileReference; lastKnownFileType = sourcecode.swift; path = ViewController.swift; sourceTree = "<group>"; };
		9CE52F271E64139D0094378F /* Base */ = {isa = PBXFileReference; lastKnownFileType = file.storyboard; name = Base; path = Base.lproj/Main.storyboard; sourceTree = "<group>"; };
		9CE52F291E64139D0094378F /* Assets.xcassets */ = {isa = PBXFileReference; lastKnownFileType = folder.assetcatalog; path = Assets.xcassets; sourceTree = "<group>"; };
		9CE52F2C1E64139D0094378F /* Base */ = {isa = PBXFileReference; lastKnownFileType = file.storyboard; name = Base; path = Base.lproj/LaunchScreen.storyboard; sourceTree = "<group>"; };
		9CE52F2E1E64139D0094378F /* Info.plist */ = {isa = PBXFileReference; lastKnownFileType = text.plist.xml; path = Info.plist; sourceTree = "<group>"; };
		9CE52F341E6413BA0094378F /* MarqueeView.swift */ = {isa = PBXFileReference; fileEncoding = 4; lastKnownFileType = sourcecode.swift; path = MarqueeView.swift; sourceTree = "<group>"; };
/* End PBXFileReference section */

/* Begin PBXFrameworksBuildPhase section */
		9CE52F1C1E64139D0094378F /* Frameworks */ = {
			isa = PBXFrameworksBuildPhase;
			buildActionMask = 2147483647;
			files = (
			);
			runOnlyForDeploymentPostprocessing = 0;
		};
/* End PBXFrameworksBuildPhase section */

/* Begin PBXGroup section */
		9CE52F161E64139D0094378F = {
			isa = PBXGroup;
			children = (
				9CE52F211E64139D0094378F /* MarqueeLabel */,
				9CE52F201E64139D0094378F /* Products */,
			);
			sourceTree = "<group>";
		};
		9CE52F201E64139D0094378F /* Products */ = {
			isa = PBXGroup;
			children = (
				9CE52F1F1E64139D0094378F /* MarqueeLabel.app */,
			);
			name = Products;
			sourceTree = "<group>";
		};
		9CE52F211E64139D0094378F /* MarqueeLabel */ = {
			isa = PBXGroup;
			children = (
				9CE52F221E64139D0094378F /* AppDelegate.swift */,
				9CE52F241E64139D0094378F /* ViewController.swift */,
				9CE52F261E64139D0094378F /* Main.storyboard */,
				9CE52F341E6413BA0094378F /* MarqueeView.swift */,
				9CE52F291E64139D0094378F /* Assets.xcassets */,
				9CE52F2B1E64139D0094378F /* LaunchScreen.storyboard */,
				9CE52F2E1E64139D0094378F /* Info.plist */,
			);
			path = MarqueeLabel;
			sourceTree = "<group>";
		};
/* End PBXGroup section */

/* Begin PBXNativeTarget section */
		9CE52F1E1E64139D0094378F /* MarqueeLabel */ = {
			isa = PBXNativeTarget;
			buildConfigurationList = 9CE52F311E64139D0094378F /* Build configuration list for PBXNativeTarget "MarqueeLabel" */;
			buildPhases = (
				9CE52F1B1E64139D0094378F /* Sources */,
				9CE52F1C1E64139D0094378F /* Frameworks */,
				9CE52F1D1E64139D0094378F /* Resources */,
			);
			buildRules = (
			);
			dependencies = (
			);
			name = MarqueeLabel;
			productName = MarqueeLabel;
			productReference = 9CE52F1F1E64139D0094378F /* MarqueeLabel.app */;
			productType = "com.apple.product-type.application";
		};
/* End PBXNativeTarget section */

/* Begin PBXProject section */
		9CE52F171E64139D0094378F /* Project object */ = {
			isa = PBXProject;
			attributes = {
				LastSwiftUpdateCheck = 0820;
				LastUpgradeCheck = 0820;
				ORGANIZATIONNAME = Fenrir;
				TargetAttributes = {
					9CE52F1E1E64139D0094378F = {
						CreatedOnToolsVersion = 8.2;
						DevelopmentTeam = 533H75UL22;
						ProvisioningStyle = Automatic;
					};
				};
			};
			buildConfigurationList = 9CE52F1A1E64139D0094378F /* Build configuration list for PBXProject "MarqueeLabel" */;
			compatibilityVersion = "Xcode 3.2";
			developmentRegion = English;
			hasScannedForEncodings = 0;
			knownRegions = (
				en,
				Base,
			);
			mainGroup = 9CE52F161E64139D0094378F;
			productRefGroup = 9CE52F201E64139D0094378F /* Products */;
			projectDirPath = "";
			projectRoot = "";
			targets = (
				9CE52F1E1E64139D0094378F /* MarqueeLabel */,
			);
		};
/* End PBXProject section */

/* Begin PBXResourcesBuildPhase section */
		9CE52F1D1E64139D0094378F /* Resources */ = {
			isa = PBXResourcesBuildPhase;
			buildActionMask = 2147483647;
			files = (
				9CE52F2D1E64139D0094378F /* LaunchScreen.storyboard in Resources */,
				9CE52F2A1E64139D0094378F /* Assets.xcassets in Resources */,
				9CE52F281E64139D0094378F /* Main.storyboard in Resources */,
			);
			runOnlyForDeploymentPostprocessing = 0;
		};
/* End PBXResourcesBuildPhase section */

/* Begin PBXSourcesBuildPhase section */
		9CE52F1B1E64139D0094378F /* Sources */ = {
			isa = PBXSourcesBuildPhase;
			buildActionMask = 2147483647;
			files = (
				9CE52F251E64139D0094378F /* ViewController.swift in Sources */,
				9CE52F231E64139D0094378F /* AppDelegate.swift in Sources */,
				9CE52F351E6413BA0094378F /* MarqueeView.swift in Sources */,
			);
			runOnlyForDeploymentPostprocessing = 0;
		};
/* End PBXSourcesBuildPhase section */

/* Begin PBXVariantGroup section */
		9CE52F261E64139D0094378F /* Main.storyboard */ = {
			isa = PBXVariantGroup;
			children = (
				9CE52F271E64139D0094378F /* Base */,
			);
			name = Main.storyboard;
			sourceTree = "<group>";
		};
		9CE52F2B1E64139D0094378F /* LaunchScreen.storyboard */ = {
			isa = PBXVariantGroup;
			children = (
				9CE52F2C1E64139D0094378F /* Base */,
			);
			name = LaunchScreen.storyboard;
			sourceTree = "<group>";
		};
/* End PBXVariantGroup section */

/* Begin XCBuildConfiguration section */
		9CE52F2F1E64139D0094378F /* Debug */ = {
			isa = XCBuildConfiguration;
			buildSettings = {
				ALWAYS_SEARCH_USER_PATHS = NO;
				CLANG_ANALYZER_NONNULL = YES;
				CLANG_CXX_LANGUAGE_STANDARD = "gnu++0x";
				CLANG_CXX_LIBRARY = "libc++";
				CLANG_ENABLE_MODULES = YES;
				CLANG_ENABLE_OBJC_ARC = YES;
				CLANG_WARN_BOOL_CONVERSION = YES;
				CLANG_WARN_CONSTANT_CONVERSION = YES;
				CLANG_WARN_DIRECT_OBJC_ISA_USAGE = YES_ERROR;
				CLANG_WARN_DOCUMENTATION_COMMENTS = YES;
				CLANG_WARN_EMPTY_BODY = YES;
				CLANG_WARN_ENUM_CONVERSION = YES;
				CLANG_WARN_INFINITE_RECURSION = YES;
				CLANG_WARN_INT_CONVERSION = YES;
				CLANG_WARN_OBJC_ROOT_CLASS = YES_ERROR;
				CLANG_WARN_SUSPICIOUS_MOVE = YES;
				CLANG_WARN_UNREACHABLE_CODE = YES;
				CLANG_WARN__DUPLICATE_METHOD_MATCH = YES;
				"CODE_SIGN_IDENTITY[sdk=iphoneos*]" = "iPhone Developer";
				COPY_PHASE_STRIP = NO;
				DEBUG_INFORMATION_FORMAT = dwarf;
				ENABLE_STRICT_OBJC_MSGSEND = YES;
				ENABLE_TESTABILITY = YES;
				GCC_C_LANGUAGE_STANDARD = gnu99;
				GCC_DYNAMIC_NO_PIC = NO;
				GCC_NO_COMMON_BLOCKS = YES;
				GCC_OPTIMIZATION_LEVEL = 0;
				GCC_PREPROCESSOR_DEFINITIONS = (
					"DEBUG=1",
					"$(inherited)",
				);
				GCC_WARN_64_TO_32_BIT_CONVERSION = YES;
				GCC_WARN_ABOUT_RETURN_TYPE = YES_ERROR;
				GCC_WARN_UNDECLARED_SELECTOR = YES;
				GCC_WARN_UNINITIALIZED_AUTOS = YES_AGGRESSIVE;
				GCC_WARN_UNUSED_FUNCTION = YES;
				GCC_WARN_UNUSED_VARIABLE = YES;
				IPHONEOS_DEPLOYMENT_TARGET = 10.2;
				MTL_ENABLE_DEBUG_INFO = YES;
				ONLY_ACTIVE_ARCH = YES;
				SDKROOT = iphoneos;
				SWIFT_ACTIVE_COMPILATION_CONDITIONS = DEBUG;
				SWIFT_OPTIMIZATION_LEVEL = "-Onone";
			};
			name = Debug;
		};
		9CE52F301E64139D0094378F /* Release */ = {
			isa = XCBuildConfiguration;
			buildSettings = {
				ALWAYS_SEARCH_USER_PATHS = NO;
				CLANG_ANALYZER_NONNULL = YES;
				CLANG_CXX_LANGUAGE_STANDARD = "gnu++0x";
				CLANG_CXX_LIBRARY = "libc++";
				CLANG_ENABLE_MODULES = YES;
				CLANG_ENABLE_OBJC_ARC = YES;
				CLANG_WARN_BOOL_CONVERSION = YES;
				CLANG_WARN_CONSTANT_CONVERSION = YES;
				CLANG_WARN_DIRECT_OBJC_ISA_USAGE = YES_ERROR;
				CLANG_WARN_DOCUMENTATION_COMMENTS = YES;
				CLANG_WARN_EMPTY_BODY = YES;
				CLANG_WARN_ENUM_CONVERSION = YES;
				CLANG_WARN_INFINITE_RECURSION = YES;
				CLANG_WARN_INT_CONVERSION = YES;
				CLANG_WARN_OBJC_ROOT_CLASS = YES_ERROR;
				CLANG_WARN_SUSPICIOUS_MOVE = YES;
				CLANG_WARN_UNREACHABLE_CODE = YES;
				CLANG_WARN__DUPLICATE_METHOD_MATCH = YES;
				"CODE_SIGN_IDENTITY[sdk=iphoneos*]" = "iPhone Developer";
				COPY_PHASE_STRIP = NO;
				DEBUG_INFORMATION_FORMAT = "dwarf-with-dsym";
				ENABLE_NS_ASSERTIONS = NO;
				ENABLE_STRICT_OBJC_MSGSEND = YES;
				GCC_C_LANGUAGE_STANDARD = gnu99;
				GCC_NO_COMMON_BLOCKS = YES;
				GCC_WARN_64_TO_32_BIT_CONVERSION = YES;
				GCC_WARN_ABOUT_RETURN_TYPE = YES_ERROR;
				GCC_WARN_UNDECLARED_SELECTOR = YES;
				GCC_WARN_UNINITIALIZED_AUTOS = YES_AGGRESSIVE;
				GCC_WARN_UNUSED_FUNCTION = YES;
				GCC_WARN_UNUSED_VARIABLE = YES;
				IPHONEOS_DEPLOYMENT_TARGET = 10.2;
				MTL_ENABLE_DEBUG_INFO = NO;
				SDKROOT = iphoneos;
				SWIFT_OPTIMIZATION_LEVEL = "-Owholemodule";
				VALIDATE_PRODUCT = YES;
			};
			name = Release;
		};
		9CE52F321E64139D0094378F /* Debug */ = {
			isa = XCBuildConfiguration;
			buildSettings = {
				ASSETCATALOG_COMPILER_APPICON_NAME = AppIcon;
				DEVELOPMENT_TEAM = 533H75UL22;
				INFOPLIST_FILE = MarqueeLabel/Info.plist;
				LD_RUNPATH_SEARCH_PATHS = "$(inherited) @executable_path/Frameworks";
				PRODUCT_BUNDLE_IDENTIFIER = Fenrir.MarqueeLabel;
				PRODUCT_NAME = "$(TARGET_NAME)";
				SWIFT_VERSION = 3.0;
			};
			name = Debug;
		};
		9CE52F331E64139D0094378F /* Release */ = {
			isa = XCBuildConfiguration;
			buildSettings = {
				ASSETCATALOG_COMPILER_APPICON_NAME = AppIcon;
				DEVELOPMENT_TEAM = 533H75UL22;
				INFOPLIST_FILE = MarqueeLabel/Info.plist;
				LD_RUNPATH_SEARCH_PATHS = "$(inherited) @executable_path/Frameworks";
				PRODUCT_BUNDLE_IDENTIFIER = Fenrir.MarqueeLabel;
				PRODUCT_NAME = "$(TARGET_NAME)";
				SWIFT_VERSION = 3.0;
			};
			name = Release;
		};
/* End XCBuildConfiguration section */

/* Begin XCConfigurationList section */
		9CE52F1A1E64139D0094378F /* Build configuration list for PBXProject "MarqueeLabel" */ = {
			isa = XCConfigurationList;
			buildConfigurations = (
				9CE52F2F1E64139D0094378F /* Debug */,
				9CE52F301E64139D0094378F /* Release */,
			);
			defaultConfigurationIsVisible = 0;
			defaultConfigurationName = Release;
		};
		9CE52F311E64139D0094378F /* Build configuration list for PBXNativeTarget "MarqueeLabel" */ = {
			isa = XCConfigurationList;
			buildConfigurations = (
				9CE52F321E64139D0094378F /* Debug */,
				9CE52F331E64139D0094378F /* Release */,
			);
			defaultConfigurationIsVisible = 0;
		};
/* End XCConfigurationList section */
	};
	rootObject = 9CE52F171E64139D0094378F /* Project object */;
}
